// !$*UTF8*$!
{
	archiveVersion = 1;
	classes = {
	};
	objectVersion = 46;
	objects = {

/* Begin PBXBuildFile section */
		04253FEE20D95D1100FEFF17 /* main.m in Sources */ = {isa = PBXBuildFile; fileRef = 04253FED20D95D1100FEFF17 /* main.m */; };
		04253FF120D95D1100FEFF17 /* AppDelegate.m in Sources */ = {isa = PBXBuildFile; fileRef = 04253FF020D95D1100FEFF17 /* AppDelegate.m */; };
		04253FF420D95D1200FEFF17 /* ViewController.m in Sources */ = {isa = PBXBuildFile; fileRef = 04253FF320D95D1200FEFF17 /* ViewController.m */; };
		04253FF720D95D1200FEFF17 /* Main.storyboard in Resources */ = {isa = PBXBuildFile; fileRef = 04253FF520D95D1200FEFF17 /* Main.storyboard */; };
		04253FF920D95D1200FEFF17 /* Assets.xcassets in Resources */ = {isa = PBXBuildFile; fileRef = 04253FF820D95D1200FEFF17 /* Assets.xcassets */; };
		04253FFC20D95D1200FEFF17 /* LaunchScreen.storyboard in Resources */ = {isa = PBXBuildFile; fileRef = 04253FFA20D95D1200FEFF17 /* LaunchScreen.storyboard */; };
/* End PBXBuildFile section */

/* Begin PBXFileReference section */
		04253FE920D95D1100FEFF17 /* aaa.app */ = {isa = PBXFileReference; explicitFileType = wrapper.application; includeInIndex = 0; path = aaa.app; sourceTree = BUILT_PRODUCTS_DIR; };
		04253FED20D95D1100FEFF17 /* main.m */ = {isa = PBXFileReference; lastKnownFileType = sourcecode.c.objc; path = main.m; sourceTree = "<group>"; };
		04253FEF20D95D1100FEFF17 /* AppDelegate.h */ = {isa = PBXFileReference; lastKnownFileType = sourcecode.c.h; path = AppDelegate.h; sourceTree = "<group>"; };
		04253FF020D95D1100FEFF17 /* AppDelegate.m */ = {isa = PBXFileReference; lastKnownFileType = sourcecode.c.objc; path = AppDelegate.m; sourceTree = "<group>"; };
		04253FF220D95D1200FEFF17 /* ViewController.h */ = {isa = PBXFileReference; lastKnownFileType = sourcecode.c.h; path = ViewController.h; sourceTree = "<group>"; };
		04253FF320D95D1200FEFF17 /* ViewController.m */ = {isa = PBXFileReference; lastKnownFileType = sourcecode.c.objc; path = ViewController.m; sourceTree = "<group>"; };
		04253FF620D95D1200FEFF17 /* Base */ = {isa = PBXFileReference; lastKnownFileType = file.storyboard; name = Base; path = Base.lproj/Main.storyboard; sourceTree = "<group>"; };
		04253FF820D95D1200FEFF17 /* Assets.xcassets */ = {isa = PBXFileReference; lastKnownFileType = folder.assetcatalog; path = Assets.xcassets; sourceTree = "<group>"; };
		04253FFB20D95D1200FEFF17 /* Base */ = {isa = PBXFileReference; lastKnownFileType = file.storyboard; name = Base; path = Base.lproj/LaunchScreen.storyboard; sourceTree = "<group>"; };
		04253FFD20D95D1200FEFF17 /* Info.plist */ = {isa = PBXFileReference; lastKnownFileType = text.plist.xml; path = Info.plist; sourceTree = "<group>"; };
/* End PBXFileReference section */

/* Begin PBXFrameworksBuildPhase section */
		04253FE620D95D1100FEFF17 /* Frameworks */ = {
			isa = PBXFrameworksBuildPhase;
			buildActionMask = 2147483647;
			files = (
			);
			runOnlyForDeploymentPostprocessing = 0;
		};
/* End PBXFrameworksBuildPhase section */

/* Begin PBXGroup section */
		04253FE020D95D1100FEFF17 = {
			isa = PBXGroup;
			children = (
				04253FEB20D95D1100FEFF17 /* aaa */,
				04253FEA20D95D1100FEFF17 /* Products */,
			);
			sourceTree = "<group>";
		};
		04253FEA20D95D1100FEFF17 /* Products */ = {
			isa = PBXGroup;
			children = (
				04253FE920D95D1100FEFF17 /* aaa.app */,
			);
			name = Products;
			sourceTree = "<group>";
		};
		04253FEB20D95D1100FEFF17 /* aaa */ = {
			isa = PBXGroup;
			children = (
				04253FEF20D95D1100FEFF17 /* AppDelegate.h */,
				04253FF020D95D1100FEFF17 /* AppDelegate.m */,
				04253FF220D95D1200FEFF17 /* ViewController.h */,
				04253FF320D95D1200FEFF17 /* ViewController.m */,
				04253FF520D95D1200FEFF17 /* Main.storyboard */,
				04253FF820D95D1200FEFF17 /* Assets.xcassets */,
				04253FFA20D95D1200FEFF17 /* LaunchScreen.storyboard */,
				04253FFD20D95D1200FEFF17 /* Info.plist */,
				04253FEC20D95D1100FEFF17 /* Supporting Files */,
			);
			path = aaa;
			sourceTree = "<group>";
		};
		04253FEC20D95D1100FEFF17 /* Supporting Files */ = {
			isa = PBXGroup;
			children = (
				04253FED20D95D1100FEFF17 /* main.m */,
			);
			name = "Supporting Files";
			sourceTree = "<group>";
		};
/* End PBXGroup section */

/* Begin PBXNativeTarget section */
		04253FE820D95D1100FEFF17 /* aaa */ = {
			isa = PBXNativeTarget;
			buildConfigurationList = 0425400020D95D1200FEFF17 /* Build configuration list for PBXNativeTarget "aaa" */;
			buildPhases = (
				04253FE520D95D1100FEFF17 /* Sources */,
				04253FE620D95D1100FEFF17 /* Frameworks */,
				04253FE720D95D1100FEFF17 /* Resources */,
			);
			buildRules = (
			);
			dependencies = (
			);
			name = aaa;
			productName = aaa;
			productReference = 04253FE920D95D1100FEFF17 /* aaa.app */;
			productType = "com.apple.product-type.application";
		};
/* End PBXNativeTarget section */

/* Begin PBXProject section */
		04253FE120D95D1100FEFF17 /* Project object */ = {
			isa = PBXProject;
			attributes = {
				LastUpgradeCheck = 0830;
				ORGANIZATIONNAME = FuWang;
				TargetAttributes = {
					04253FE820D95D1100FEFF17 = {
						CreatedOnToolsVersion = 8.3.3;
						DevelopmentTeam = YXJ549MT7Q;
						ProvisioningStyle = Automatic;
					};
				};
			};
			buildConfigurationList = 04253FE420D95D1100FEFF17 /* Build configuration list for PBXProject "aaa" */;
			compatibilityVersion = "Xcode 3.2";
			developmentRegion = English;
			hasScannedForEncodings = 0;
			knownRegions = (
				en,
				Base,
			);
			mainGroup = 04253FE020D95D1100FEFF17;
			productRefGroup = 04253FEA20D95D1100FEFF17 /* Products */;
			projectDirPath = "";
			projectRoot = "";
			targets = (
				04253FE820D95D1100FEFF17 /* aaa */,
			);
		};
/* End PBXProject section */

/* Begin PBXResourcesBuildPhase section */
		04253FE720D95D1100FEFF17 /* Resources */ = {
			isa = PBXResourcesBuildPhase;
			buildActionMask = 2147483647;
			files = (
				04253FFC20D95D1200FEFF17 /* LaunchScreen.storyboard in Resources */,
				04253FF920D95D1200FEFF17 /* Assets.xcassets in Resources */,
				04253FF720D95D1200FEFF17 /* Main.storyboard in Resources */,
			);
			runOnlyForDeploymentPostprocessing = 0;
		};
/* End PBXResourcesBuildPhase section */

/* Begin PBXSourcesBuildPhase section */
		04253FE520D95D1100FEFF17 /* Sources */ = {
			isa = PBXSourcesBuildPhase;
			buildActionMask = 2147483647;
			files = (
				04253FF420D95D1200FEFF17 /* ViewController.m in Sources */,
				04253FF120D95D1100FEFF17 /* AppDelegate.m in Sources */,
				04253FEE20D95D1100FEFF17 /* main.m in Sources */,
			);
			runOnlyForDeploymentPostprocessing = 0;
		};
/* End PBXSourcesBuildPhase section */

/* Begin PBXVariantGroup section */
		04253FF520D95D1200FEFF17 /* Main.storyboard */ = {
			isa = PBXVariantGroup;
			children = (
				04253FF620D95D1200FEFF17 /* Base */,
			);
			name = Main.storyboard;
			sourceTree = "<group>";
		};
		04253FFA20D95D1200FEFF17 /* LaunchScreen.storyboard */ = {
			isa = PBXVariantGroup;
			children = (
				04253FFB20D95D1200FEFF17 /* Base */,
			);
			name = LaunchScreen.storyboard;
			sourceTree = "<group>";
		};
/* End PBXVariantGroup section */

/* Begin XCBuildConfiguration section */
		04253FFE20D95D1200FEFF17 /* Debug */ = {
			isa = XCBuildConfiguration;
			buildSettings = {
				ALWAYS_SEARCH_USER_PATHS = NO;
				CLANG_ANALYZER_NONNULL = YES;
				CLANG_ANALYZER_NUMBER_OBJECT_CONVERSION = YES_AGGRESSIVE;
				CLANG_CXX_LANGUAGE_STANDARD = "gnu++0x";
				CLANG_CXX_LIBRARY = "libc++";
				CLANG_ENABLE_MODULES = YES;
				CLANG_ENABLE_OBJC_ARC = YES;
				CLANG_WARN_BOOL_CONVERSION = YES;
				CLANG_WARN_CONSTANT_CONVERSION = YES;
				CLANG_WARN_DIRECT_OBJC_ISA_USAGE = YES_ERROR;
				CLANG_WARN_DOCUMENTATION_COMMENTS = YES;
				CLANG_WARN_EMPTY_BODY = YES;
				CLANG_WARN_ENUM_CONVERSION = YES;
				CLANG_WARN_INFINITE_RECURSION = YES;
				CLANG_WARN_INT_CONVERSION = YES;
				CLANG_WARN_OBJC_ROOT_CLASS = YES_ERROR;
				CLANG_WARN_SUSPICIOUS_MOVE = YES;
				CLANG_WARN_UNREACHABLE_CODE = YES;
				CLANG_WARN__DUPLICATE_METHOD_MATCH = YES;
				"CODE_SIGN_IDENTITY[sdk=iphoneos*]" = "iPhone Developer";
				COPY_PHASE_STRIP = NO;
				DEBUG_INFORMATION_FORMAT = dwarf;
				ENABLE_STRICT_OBJC_MSGSEND = YES;
				ENABLE_TESTABILITY = YES;
				GCC_C_LANGUAGE_STANDARD = gnu99;
				GCC_DYNAMIC_NO_PIC = NO;
				GCC_NO_COMMON_BLOCKS = YES;
				GCC_OPTIMIZATION_LEVEL = 0;
				GCC_PREPROCESSOR_DEFINITIONS = (
					"DEBUG=1",
					"$(inherited)",
				);
				GCC_WARN_64_TO_32_BIT_CONVERSION = YES;
				GCC_WARN_ABOUT_RETURN_TYPE = YES_ERROR;
				GCC_WARN_UNDECLARED_SELECTOR = YES;
				GCC_WARN_UNINITIALIZED_AUTOS = YES_AGGRESSIVE;
				GCC_WARN_UNUSED_FUNCTION = YES;
				GCC_WARN_UNUSED_VARIABLE = YES;
				IPHONEOS_DEPLOYMENT_TARGET = 10.3;
				MTL_ENABLE_DEBUG_INFO = YES;
				ONLY_ACTIVE_ARCH = YES;
				SDKROOT = iphoneos;
			};
			name = Debug;
		};
		04253FFF20D95D1200FEFF17 /* Release */ = {
			isa = XCBuildConfiguration;
			buildSettings = {
				ALWAYS_SEARCH_USER_PATHS = NO;
				CLANG_ANALYZER_NONNULL = YES;
				CLANG_ANALYZER_NUMBER_OBJECT_CONVERSION = YES_AGGRESSIVE;
				CLANG_CXX_LANGUAGE_STANDARD = "gnu++0x";
				CLANG_CXX_LIBRARY = "libc++";
				CLANG_ENABLE_MODULES = YES;
				CLANG_ENABLE_OBJC_ARC = YES;
				CLANG_WARN_BOOL_CONVERSION = YES;
				CLANG_WARN_CONSTANT_CONVERSION = YES;
				CLANG_WARN_DIRECT_OBJC_ISA_USAGE = YES_ERROR;
				CLANG_WARN_DOCUMENTATION_COMMENTS = YES;
				CLANG_WARN_EMPTY_BODY = YES;
				CLANG_WARN_ENUM_CONVERSION = YES;
				CLANG_WARN_INFINITE_RECURSION = YES;
				CLANG_WARN_INT_CONVERSION = YES;
				CLANG_WARN_OBJC_ROOT_CLASS = YES_ERROR;
				CLANG_WARN_SUSPICIOUS_MOVE = YES;
				CLANG_WARN_UNREACHABLE_CODE = YES;
				CLANG_WARN__DUPLICATE_METHOD_MATCH = YES;
				"CODE_SIGN_IDENTITY[sdk=iphoneos*]" = "iPhone Developer";
				COPY_PHASE_STRIP = NO;
				DEBUG_INFORMATION_FORMAT = "dwarf-with-dsym";
				ENABLE_NS_ASSERTIONS = NO;
				ENABLE_STRICT_OBJC_MSGSEND = YES;
				GCC_C_LANGUAGE_STANDARD = gnu99;
				GCC_NO_COMMON_BLOCKS = YES;
				GCC_WARN_64_TO_32_BIT_CONVERSION = YES;
				GCC_WARN_ABOUT_RETURN_TYPE = YES_ERROR;
				GCC_WARN_UNDECLARED_SELECTOR = YES;
				GCC_WARN_UNINITIALIZED_AUTOS = YES_AGGRESSIVE;
				GCC_WARN_UNUSED_FUNCTION = YES;
				GCC_WARN_UNUSED_VARIABLE = YES;
				IPHONEOS_DEPLOYMENT_TARGET = 10.3;
				MTL_ENABLE_DEBUG_INFO = NO;
				SDKROOT = iphoneos;
				VALIDATE_PRODUCT = YES;
			};
			name = Release;
		};
		0425400120D95D1200FEFF17 /* Debug */ = {
			isa = XCBuildConfiguration;
			buildSettings = {
				ASSETCATALOG_COMPILER_APPICON_NAME = AppIcon;
				DEVELOPMENT_TEAM = YXJ549MT7Q;
				INFOPLIST_FILE = aaa/Info.plist;
				LD_RUNPATH_SEARCH_PATHS = "$(inherited) @executable_path/Frameworks";
				PRODUCT_BUNDLE_IDENTIFIER = com.Wanquan.Recruitment.aaa;
				PRODUCT_NAME = "$(TARGET_NAME)";
			};
			name = Debug;
		};
		0425400220D95D1200FEFF17 /* Release */ = {
			isa = XCBuildConfiguration;
			buildSettings = {
				ASSETCATALOG_COMPILER_APPICON_NAME = AppIcon;
				DEVELOPMENT_TEAM = YXJ549MT7Q;
				INFOPLIST_FILE = aaa/Info.plist;
				LD_RUNPATH_SEARCH_PATHS = "$(inherited) @executable_path/Frameworks";
				PRODUCT_BUNDLE_IDENTIFIER = com.Wanquan.Recruitment.aaa;
				PRODUCT_NAME = "$(TARGET_NAME)";
			};
			name = Release;
		};
/* End XCBuildConfiguration section */

/* Begin XCConfigurationList section */
		04253FE420D95D1100FEFF17 /* Build configuration list for PBXProject "aaa" */ = {
			isa = XCConfigurationList;
			buildConfigurations = (
				04253FFE20D95D1200FEFF17 /* Debug */,
				04253FFF20D95D1200FEFF17 /* Release */,
			);
			defaultConfigurationIsVisible = 0;
			defaultConfigurationName = Release;
		};
		0425400020D95D1200FEFF17 /* Build configuration list for PBXNativeTarget "aaa" */ = {
			isa = XCConfigurationList;
			buildConfigurations = (
				0425400120D95D1200FEFF17 /* Debug */,
				0425400220D95D1200FEFF17 /* Release */,
			);
			defaultConfigurationIsVisible = 0;
		};
/* End XCConfigurationList section */
	};
	rootObject = 04253FE120D95D1100FEFF17 /* Project object */;
}
